PODS:
  - icu4c-iosx (68)
  - icu4c-test (0.1.0):
    - icu4c-iosx

DEPENDENCIES:
  - icu4c-test (from `../`)

SPEC REPOS:
  trunk:
    - icu4c-iosx

EXTERNAL SOURCES:
  icu4c-test:
    :path: "../"

SPEC CHECKSUMS:
  icu4c-iosx: 8786f3dcfae86a7a98768fe9723e9b680c8fe844
  icu4c-test: 9a0b81bf257490b23b6ce5f49e01453336ee4d02

PODFILE CHECKSUM: 529bad67c7376b58a569ae04e6edac01c1d02318

COCOAPODS: 1.10.1
